{
  "requires": true,
  "lockfileVersion": 1,
  "dependencies": {
    "coc-elixir": {
      "version": "0.2.3",
      "resolved": "https://registry.npmjs.org/coc-elixir/-/coc-elixir-0.2.3.tgz",
      "integrity": "sha512-obklL5BqFh+oLFnjQWj4Q8QE/pUKGuwuKyefi4XkZ9II/6hBxuAvGECumjXUVgex0PGdTF4SXR+wUFw3UV4Oxw=="
    },
    "coc-json": {
      "version": "1.2.5",
      "resolved": "https://registry.npmjs.org/coc-json/-/coc-json-1.2.5.tgz",
      "integrity": "sha512-j8EAdxXxKxc5zHwCzdGAcnXzDXjtfbL6fNb9QIlBi2CkMIoARFyU4uZsIkMoROTMPaffHDFyzyAW2UJpbIJ0WQ=="
    },
    "coc-rls": {
      "version": "1.1.4",
      "resolved": "https://registry.npmjs.org/coc-rls/-/coc-rls-1.1.4.tgz",
      "integrity": "sha512-UcQCBSp/Mzt5SR2mS4Qukvn7mBoh86cB1Fb1/oD88+sn1RHRl67eTrdlbswzdrXyd6WotQi62okCuIhyVoqAig=="
    },
    "coc-solargraph": {
      "version": "1.1.6",
      "resolved": "https://registry.npmjs.org/coc-solargraph/-/coc-solargraph-1.1.6.tgz",
      "integrity": "sha512-Vkl4IYCgexGQ038betmYJ4Ht2OqbVJDFrQn8h+OCvVUHAEGsQTYj8sIIq3qohW/FuJJXvUdRoGEYQUZCtw96OQ=="
    },
    "coc-tsserver": {
      "version": "1.4.11",
      "resolved": "https://registry.npmjs.org/coc-tsserver/-/coc-tsserver-1.4.11.tgz",
      "integrity": "sha512-BMqtvulotRQwgQ/UkpGDz7b+tXXQGbxYJLo3SdmFeDeVkWLBGl/oP1ythlT3aY5K3kuCv0JnDgqpoAc175CERg==",
      "requires": {
        "typescript": "3.7.3"
      }
    },
    "typescript": {
      "version": "3.7.3",
      "resolved": "https://registry.npmjs.org/typescript/-/typescript-3.7.3.tgz",
      "integrity": "sha512-Mcr/Qk7hXqFBXMN7p7Lusj1ktCBydylfQM/FZCk5glCNQJrCUKPkMHdo9R0MTFWsC/4kPFvDS0fDPvukfCkFsw=="
    }
  }
}
